
Microsoft Visual Studio Solution File, Format Version 12.00
# Visual Studio Version 16
VisualStudioVersion = 16.0.30128.74
MinimumVisualStudioVersion = 10.0.40219.1
Project("{9A19103F-16F7-4668-BE54-9A1E7A4F7556}") = "EmployeeBenefitsCostChallenge", "EmployeeBenefitsCostChallenge.Site\EmployeeBenefitsCostChallenge.csproj", "{AD774D27-6C76-4CDB-9F8B-8FB4FAB3878C}"
EndProject
Project("{9A19103F-16F7-4668-BE54-9A1E7A4F7556}") = "EmployeeBenefitsCostChallenge.Domain", "EmployeeBenefitsCostChallenge.Domain\EmployeeBenefitsCostChallenge.Domain.csproj", "{A144DA5D-0AA2-4752-87AF-2A9E9C35043F}"
EndProject
Project("{FAE04EC0-301F-11D3-BF4B-00C04F79EFBC}") = "EmployeeBenefitsCostChallenge.Persistence", "EmployeeBenefitsCostChallenge.Persistence\EmployeeBenefitsCostChallenge.Persistence.csproj", "{4E33272C-6654-4758-8DC2-AE469E14D684}"
EndProject
Global
	GlobalSection(SolutionConfigurationPlatforms) = preSolution
		Debug|Any CPU = Debug|Any CPU
		Release|Any CPU = Release|Any CPU
	EndGlobalSection
	GlobalSection(ProjectConfigurationPlatforms) = postSolution
		{AD774D27-6C76-4CDB-9F8B-8FB4FAB3878C}.Debug|Any CPU.ActiveCfg = Debug|Any CPU
		{AD774D27-6C76-4CDB-9F8B-8FB4FAB3878C}.Debug|Any CPU.Build.0 = Debug|Any CPU
		{AD774D27-6C76-4CDB-9F8B-8FB4FAB3878C}.Release|Any CPU.ActiveCfg = Release|Any CPU
		{AD774D27-6C76-4CDB-9F8B-8FB4FAB3878C}.Release|Any CPU.Build.0 = Release|Any CPU
		{A144DA5D-0AA2-4752-87AF-2A9E9C35043F}.Debug|Any CPU.ActiveCfg = Debug|Any CPU
		{A144DA5D-0AA2-4752-87AF-2A9E9C35043F}.Debug|Any CPU.Build.0 = Debug|Any CPU
		{A144DA5D-0AA2-4752-87AF-2A9E9C35043F}.Release|Any CPU.ActiveCfg = Release|Any CPU
		{A144DA5D-0AA2-4752-87AF-2A9E9C35043F}.Release|Any CPU.Build.0 = Release|Any CPU
		{4E33272C-6654-4758-8DC2-AE469E14D684}.Debug|Any CPU.ActiveCfg = Debug|Any CPU
		{4E33272C-6654-4758-8DC2-AE469E14D684}.Debug|Any CPU.Build.0 = Debug|Any CPU
		{4E33272C-6654-4758-8DC2-AE469E14D684}.Release|Any CPU.ActiveCfg = Release|Any CPU
		{4E33272C-6654-4758-8DC2-AE469E14D684}.Release|Any CPU.Build.0 = Release|Any CPU
	EndGlobalSection
	GlobalSection(SolutionProperties) = preSolution
		HideSolutionNode = FALSE
	EndGlobalSection
	GlobalSection(ExtensibilityGlobals) = postSolution
		SolutionGuid = {B40BA0F4-BCDC-4E52-A5F6-BFE40180E47B}
	EndGlobalSection
EndGlobal
